# @generated - this file is auto-generated by `mise lock` https://mise.jdx.dev/dev-tools/mise-lock.html

[[tools.bun]]
version = "1.3.12"
backend = "core:bun"

[tools.bun."platforms.linux-arm64"]
checksum = "sha256:c40bc0ebca11bde7d75af497a654a874d0c7fd8d6a8d6031c173c10c9064297b"
url = "https://github.com/oven-sh/bun/releases/download/bun-v1.3.12/bun-linux-aarch64.zip"

[tools.bun."platforms.linux-arm64-musl"]
checksum = "sha256:731baab945bc471c17248ea375e66f71442879d2595c54045b3e861f4e8b9ab1"
url = "https://github.com/oven-sh/bun/releases/download/bun-v1.3.12/bun-linux-aarch64-musl.zip"

[tools.bun."platforms.linux-x64"]
checksum = "sha256:11dc3ee11bc1695e149737c6ca3d5619302cf4346e6b8a6ec7988967ef01ddc5"
url = "https://github.com/oven-sh/bun/releases/download/bun-v1.3.12/bun-linux-x64.zip"

[tools.bun."platforms.linux-x64-baseline"]
checksum = "sha256:f8bb377a9ae93d44697ff91a2611164d2aedc9263415d623b0c3af24a6f55dab"
url = "https://github.com/oven-sh/bun/releases/download/bun-v1.3.12/bun-linux-x64-baseline.zip"

[tools.bun."platforms.linux-x64-musl"]
checksum = "sha256:5a9f9a2102d4bd0d5210b4f6bd345151d2310623947085177c1b306e8587dce6"
url = "https://github.com/oven-sh/bun/releases/download/bun-v1.3.12/bun-linux-x64-musl.zip"

[tools.bun."platforms.linux-x64-musl-baseline"]
checksum = "sha256:a95e079aef96f1387b86e27b69f9a6babbd08154d9a59483f29d9de285b8e3ad"
url = "https://github.com/oven-sh/bun/releases/download/bun-v1.3.12/bun-linux-x64-musl-baseline.zip"

[tools.bun."platforms.macos-arm64"]
checksum = "sha256:6c4bb87dd013ed1a8d6a16e357a3d094959fd5530b4d7061f7f3680c3c7cea1c"
url = "https://github.com/oven-sh/bun/releases/download/bun-v1.3.12/bun-darwin-aarch64.zip"

[tools.bun."platforms.macos-x64"]
checksum = "sha256:0f58c53a3e7947f1e626d2f8d285f97c14b7cadcca9c09ebafc0ae9d35b58c3d"
url = "https://github.com/oven-sh/bun/releases/download/bun-v1.3.12/bun-darwin-x64.zip"

[tools.bun."platforms.macos-x64-baseline"]
checksum = "sha256:cc4e22130c2bc2d944d3a286de08f2ed37fa74136e59760f3a4661e610246474"
url = "https://github.com/oven-sh/bun/releases/download/bun-v1.3.12/bun-darwin-x64-baseline.zip"

[tools.bun."platforms.windows-x64"]
checksum = "sha256:841ff9c5dffcaa3a2620d1e3f87ee500f32a4ca830b001cade7a3479609d4a89"
url = "https://github.com/oven-sh/bun/releases/download/bun-v1.3.12/bun-windows-x64.zip"

[tools.bun."platforms.windows-x64-baseline"]
checksum = "sha256:2d3d5f88a95943563f56f3643c8f4e2422261018f6d915329bb2fb33f7256ba2"
url = "https://github.com/oven-sh/bun/releases/download/bun-v1.3.12/bun-windows-x64-baseline.zip"

[[tools.direnv]]
version = "2.37.1"
backend = "aqua:direnv/direnv"

[tools.direnv."platforms.linux-arm64"]
checksum = "sha256:2a9cef8d73521d6a3ec3f2871c4b747b8c4cc038628c1b57a7efa42b393a2d82"
url = "https://github.com/direnv/direnv/releases/download/v2.37.1/direnv.linux-arm64"

[tools.direnv."platforms.linux-x64"]
checksum = "sha256:1f1b93dd6f38523fde26dfac96151ef9d31a374e3005cd3345fb93555ae0c9b5"
url = "https://github.com/direnv/direnv/releases/download/v2.37.1/direnv.linux-amd64"

[tools.direnv."platforms.macos-arm64"]
checksum = "sha256:4f569f3a36732bfd8b8fea7bfcc6ad87a59745c109022164d0ca4832451d5369"
url = "https://github.com/direnv/direnv/releases/download/v2.37.1/direnv.darwin-arm64"

[tools.direnv."platforms.macos-x64"]
checksum = "sha256:24fb9ce48b563d7e9fbdd3a4e3e836941654a31ce3e67eba9eaafc3dcd8ae73b"
url = "https://github.com/direnv/direnv/releases/download/v2.37.1/direnv.darwin-amd64"

[tools.direnv."platforms.windows-x64"]
checksum = "sha256:d96fc8b7cf020c2d4c1dbbc2ccec5fd1cab05b51c491f02c8527a7fa6c50a1cd"
url = "https://github.com/direnv/direnv/releases/download/v2.37.1/direnv.windows-amd64"

[[tools.ffmpeg]]
version = "8.0.1"
backend = "asdf:ffmpeg"

[[tools."github:asciinema/asciinema"]]
version = "3.1.0"
backend = "github:asciinema/asciinema"

[[tools.gum]]
version = "0.17.0"
backend = "aqua:charmbracelet/gum"

[[tools.node]]
version = "24.15.0"
backend = "core:node"

[tools.node."platforms.linux-arm64"]
checksum = "sha256:73afc234d558c24919875f51c2d1ea002a2ada4ea6f83601a383869fefa64eed"
url = "https://nodejs.org/dist/v24.15.0/node-v24.15.0-linux-arm64.tar.gz"

[tools.node."platforms.linux-arm64-musl"]
checksum = "sha256:73afc234d558c24919875f51c2d1ea002a2ada4ea6f83601a383869fefa64eed"
url = "https://nodejs.org/dist/v24.15.0/node-v24.15.0-linux-arm64.tar.gz"

[tools.node."platforms.linux-x64"]
checksum = "sha256:44836872d9aec49f1e6b52a9a922872db9a2b02d235a616a5681b6a85fec8d89"
url = "https://nodejs.org/dist/v24.15.0/node-v24.15.0-linux-x64.tar.gz"

[tools.node."platforms.linux-x64-baseline"]
checksum = "sha256:44836872d9aec49f1e6b52a9a922872db9a2b02d235a616a5681b6a85fec8d89"
url = "https://nodejs.org/dist/v24.15.0/node-v24.15.0-linux-x64.tar.gz"

[tools.node."platforms.linux-x64-musl"]
checksum = "sha256:44836872d9aec49f1e6b52a9a922872db9a2b02d235a616a5681b6a85fec8d89"
url = "https://nodejs.org/dist/v24.15.0/node-v24.15.0-linux-x64.tar.gz"

[tools.node."platforms.linux-x64-musl-baseline"]
checksum = "sha256:44836872d9aec49f1e6b52a9a922872db9a2b02d235a616a5681b6a85fec8d89"
url = "https://nodejs.org/dist/v24.15.0/node-v24.15.0-linux-x64.tar.gz"

[tools.node."platforms.macos-arm64"]
checksum = "sha256:372331b969779ab5d15b949884fc6eaf88d5afe87bde8ba881d6400b9100ffc4"
url = "https://nodejs.org/dist/v24.15.0/node-v24.15.0-darwin-arm64.tar.gz"

[tools.node."platforms.macos-x64"]
checksum = "sha256:ffd5ee293467927f3ee731a553eb88fd1f48cf74eebc2d74a6babe4af228673b"
url = "https://nodejs.org/dist/v24.15.0/node-v24.15.0-darwin-x64.tar.gz"

[tools.node."platforms.macos-x64-baseline"]
checksum = "sha256:ffd5ee293467927f3ee731a553eb88fd1f48cf74eebc2d74a6babe4af228673b"
url = "https://nodejs.org/dist/v24.15.0/node-v24.15.0-darwin-x64.tar.gz"

[tools.node."platforms.windows-x64"]
checksum = "sha256:cc5149eabd53779ce1e7bdc5401643622d0c7e6800ade18928a767e940bb0e62"
url = "https://nodejs.org/dist/v24.15.0/node-v24.15.0-win-x64.zip"

[tools.node."platforms.windows-x64-baseline"]
checksum = "sha256:cc5149eabd53779ce1e7bdc5401643622d0c7e6800ade18928a767e940bb0e62"
url = "https://nodejs.org/dist/v24.15.0/node-v24.15.0-win-x64.zip"

[[tools."npm:antora"]]
version = "3.1.14"
backend = "npm:antora"

[[tools."npm:http-server"]]
version = "14.1.1"
backend = "npm:http-server"

[[tools."npm:live-server"]]
version = "1.2.2"
backend = "npm:live-server"

[[tools.usage]]
version = "3.2.0"
backend = "aqua:jdx/usage"

[tools.usage."platforms.linux-arm64"]
checksum = "sha256:9cc22814763948582a31b054e6aa3adfc7a820a3cafb82b317dd4a8931277c0f"
url = "https://github.com/jdx/usage/releases/download/v3.2.0/usage-aarch64-unknown-linux-musl.tar.gz"

[tools.usage."platforms.linux-arm64-musl"]
checksum = "sha256:9cc22814763948582a31b054e6aa3adfc7a820a3cafb82b317dd4a8931277c0f"
url = "https://github.com/jdx/usage/releases/download/v3.2.0/usage-aarch64-unknown-linux-musl.tar.gz"

[tools.usage."platforms.linux-x64"]
checksum = "sha256:7f48ee228ae95b07c193ec61def326575682b37032473c5af4b3b93a114aec81"
url = "https://github.com/jdx/usage/releases/download/v3.2.0/usage-x86_64-unknown-linux-musl.tar.gz"

[tools.usage."platforms.linux-x64-baseline"]
checksum = "sha256:7f48ee228ae95b07c193ec61def326575682b37032473c5af4b3b93a114aec81"
url = "https://github.com/jdx/usage/releases/download/v3.2.0/usage-x86_64-unknown-linux-musl.tar.gz"

[tools.usage."platforms.linux-x64-musl"]
checksum = "sha256:7f48ee228ae95b07c193ec61def326575682b37032473c5af4b3b93a114aec81"
url = "https://github.com/jdx/usage/releases/download/v3.2.0/usage-x86_64-unknown-linux-musl.tar.gz"

[tools.usage."platforms.linux-x64-musl-baseline"]
checksum = "sha256:7f48ee228ae95b07c193ec61def326575682b37032473c5af4b3b93a114aec81"
url = "https://github.com/jdx/usage/releases/download/v3.2.0/usage-x86_64-unknown-linux-musl.tar.gz"

[tools.usage."platforms.macos-arm64"]
checksum = "sha256:f0a566bc05fc485b23a339abddbaef04225e7730574dbb603fdc021e084d26f9"
url = "https://github.com/jdx/usage/releases/download/v3.2.0/usage-universal-apple-darwin.tar.gz"

[tools.usage."platforms.macos-x64"]
checksum = "sha256:f0a566bc05fc485b23a339abddbaef04225e7730574dbb603fdc021e084d26f9"
url = "https://github.com/jdx/usage/releases/download/v3.2.0/usage-universal-apple-darwin.tar.gz"

[tools.usage."platforms.macos-x64-baseline"]
checksum = "sha256:f0a566bc05fc485b23a339abddbaef04225e7730574dbb603fdc021e084d26f9"
url = "https://github.com/jdx/usage/releases/download/v3.2.0/usage-universal-apple-darwin.tar.gz"

[tools.usage."platforms.windows-x64"]
checksum = "sha256:9aba23a5d549695cfb5f034849e143205ccf972e5b5d42c24acd32e084d7a165"
url = "https://github.com/jdx/usage/releases/download/v3.2.0/usage-x86_64-pc-windows-msvc.zip"

[tools.usage."platforms.windows-x64-baseline"]
checksum = "sha256:9aba23a5d549695cfb5f034849e143205ccf972e5b5d42c24acd32e084d7a165"
url = "https://github.com/jdx/usage/releases/download/v3.2.0/usage-x86_64-pc-windows-msvc.zip"

[[tools.vhs]]
version = "0.10.0"
backend = "aqua:charmbracelet/vhs"

[[tools.watchexec]]
version = "2.5.1"
backend = "aqua:watchexec/watchexec"

[tools.watchexec."platforms.linux-arm64"]
checksum = "sha256:217e564946fec9911279c455e174e938d497480792a342c28712e50346cc0140"
url = "https://github.com/watchexec/watchexec/releases/download/v2.5.1/watchexec-2.5.1-aarch64-unknown-linux-gnu.tar.xz"

[tools.watchexec."platforms.linux-arm64-musl"]
checksum = "sha256:217e564946fec9911279c455e174e938d497480792a342c28712e50346cc0140"
url = "https://github.com/watchexec/watchexec/releases/download/v2.5.1/watchexec-2.5.1-aarch64-unknown-linux-gnu.tar.xz"

[tools.watchexec."platforms.linux-x64"]
checksum = "sha256:9efabd08de720c1ee7e57b487fe11904f0966828e76146e2b5ea5deee90626be"
url = "https://github.com/watchexec/watchexec/releases/download/v2.5.1/watchexec-2.5.1-x86_64-unknown-linux-musl.tar.xz"

[tools.watchexec."platforms.linux-x64-baseline"]
checksum = "sha256:9efabd08de720c1ee7e57b487fe11904f0966828e76146e2b5ea5deee90626be"
url = "https://github.com/watchexec/watchexec/releases/download/v2.5.1/watchexec-2.5.1-x86_64-unknown-linux-musl.tar.xz"

[tools.watchexec."platforms.linux-x64-musl"]
checksum = "sha256:9efabd08de720c1ee7e57b487fe11904f0966828e76146e2b5ea5deee90626be"
url = "https://github.com/watchexec/watchexec/releases/download/v2.5.1/watchexec-2.5.1-x86_64-unknown-linux-musl.tar.xz"

[tools.watchexec."platforms.linux-x64-musl-baseline"]
checksum = "sha256:9efabd08de720c1ee7e57b487fe11904f0966828e76146e2b5ea5deee90626be"
url = "https://github.com/watchexec/watchexec/releases/download/v2.5.1/watchexec-2.5.1-x86_64-unknown-linux-musl.tar.xz"

[tools.watchexec."platforms.macos-arm64"]
checksum = "sha256:c5e405dd1109940b2510398d2182990c1be59063b94e11d7ace9c7b435cb1df1"
url = "https://github.com/watchexec/watchexec/releases/download/v2.5.1/watchexec-2.5.1-aarch64-apple-darwin.tar.xz"

[tools.watchexec."platforms.macos-x64"]
checksum = "sha256:bb74bf33286ff7f31dd8e763e017fbc0418360d88baefd35bc57d662d28394e2"
url = "https://github.com/watchexec/watchexec/releases/download/v2.5.1/watchexec-2.5.1-x86_64-apple-darwin.tar.xz"

[tools.watchexec."platforms.macos-x64-baseline"]
checksum = "sha256:bb74bf33286ff7f31dd8e763e017fbc0418360d88baefd35bc57d662d28394e2"
url = "https://github.com/watchexec/watchexec/releases/download/v2.5.1/watchexec-2.5.1-x86_64-apple-darwin.tar.xz"

[tools.watchexec."platforms.windows-x64"]
checksum = "sha256:aa448c2704ca1a37ce0f1fc75381d9a411946dd293cf6236293f549426a577f7"
url = "https://github.com/watchexec/watchexec/releases/download/v2.5.1/watchexec-2.5.1-x86_64-pc-windows-msvc.zip"

[tools.watchexec."platforms.windows-x64-baseline"]
checksum = "sha256:aa448c2704ca1a37ce0f1fc75381d9a411946dd293cf6236293f549426a577f7"
url = "https://github.com/watchexec/watchexec/releases/download/v2.5.1/watchexec-2.5.1-x86_64-pc-windows-msvc.zip"

[[tools.yq]]
version = "4.47.1"
backend = "aqua:mikefarah/yq"

[tools.yq."platforms.linux-arm64"]
checksum = "sha256:b7f7c991abe262b0c6f96bbcb362f8b35429cefd59c8b4c2daa4811f1e9df599"
url = "https://github.com/mikefarah/yq/releases/download/v4.47.1/yq_linux_arm64"

[tools.yq."platforms.linux-arm64-musl"]
checksum = "sha256:b7f7c991abe262b0c6f96bbcb362f8b35429cefd59c8b4c2daa4811f1e9df599"
url = "https://github.com/mikefarah/yq/releases/download/v4.47.1/yq_linux_arm64"

[tools.yq."platforms.linux-x64"]
checksum = "sha256:0fb28c6680193c41b364193d0c0fc4a03177aecde51cfc04d506b1517158c2fb"
url = "https://github.com/mikefarah/yq/releases/download/v4.47.1/yq_linux_amd64"

[tools.yq."platforms.linux-x64-musl"]
checksum = "sha256:0fb28c6680193c41b364193d0c0fc4a03177aecde51cfc04d506b1517158c2fb"
url = "https://github.com/mikefarah/yq/releases/download/v4.47.1/yq_linux_amd64"

[tools.yq."platforms.macos-arm64"]
checksum = "sha256:99aae3a7c9ddfe76bb339f0e7acd8224324b6527436fb6a5d890079bf5fcc590"
url = "https://github.com/mikefarah/yq/releases/download/v4.47.1/yq_darwin_arm64"

[tools.yq."platforms.macos-x64"]
checksum = "sha256:a9b5ca36f7750576c6ace3cc7193349cd676b3a6bf30193fb2773ff45f5af5c2"
url = "https://github.com/mikefarah/yq/releases/download/v4.47.1/yq_darwin_amd64"

[tools.yq."platforms.windows-x64"]
checksum = "sha256:529fc05f4cd557b0767262b7eefbd699fa38616bcb6ece184ee5aeadcc878572"
url = "https://github.com/mikefarah/yq/releases/download/v4.47.1/yq_windows_amd64.exe"
